
Microsoft Visual Studio Solution File, Format Version 11.00
# Visual Studio 2010
Project("{FAE04EC0-301F-11D3-BF4B-00C04F79EFBC}") = "OctoNet", "OctoNet\OctoNet.csproj", "{7803F6C4-7006-4F32-88DF-D04B892AC6F9}"
EndProject
Project("{FAE04EC0-301F-11D3-BF4B-00C04F79EFBC}") = "OctoNet.Tests", "OctoNet.Tests\OctoNet.Tests.csproj", "{06B6BC2F-94D5-456A-ABA7-F73FB28B4703}"
EndProject
Global
	GlobalSection(SolutionConfigurationPlatforms) = preSolution
		Debug|Any CPU = Debug|Any CPU
		Release|Any CPU = Release|Any CPU
	EndGlobalSection
	GlobalSection(ProjectConfigurationPlatforms) = postSolution
		{7803F6C4-7006-4F32-88DF-D04B892AC6F9}.Debug|Any CPU.ActiveCfg = Debug|Any CPU
		{7803F6C4-7006-4F32-88DF-D04B892AC6F9}.Debug|Any CPU.Build.0 = Debug|Any CPU
		{7803F6C4-7006-4F32-88DF-D04B892AC6F9}.Release|Any CPU.ActiveCfg = Release|Any CPU
		{7803F6C4-7006-4F32-88DF-D04B892AC6F9}.Release|Any CPU.Build.0 = Release|Any CPU
		{06B6BC2F-94D5-456A-ABA7-F73FB28B4703}.Debug|Any CPU.ActiveCfg = Debug|Any CPU
		{06B6BC2F-94D5-456A-ABA7-F73FB28B4703}.Debug|Any CPU.Build.0 = Debug|Any CPU
		{06B6BC2F-94D5-456A-ABA7-F73FB28B4703}.Release|Any CPU.ActiveCfg = Release|Any CPU
		{06B6BC2F-94D5-456A-ABA7-F73FB28B4703}.Release|Any CPU.Build.0 = Release|Any CPU
	EndGlobalSection
	GlobalSection(SolutionProperties) = preSolution
		HideSolutionNode = FALSE
	EndGlobalSection
EndGlobal
